{
    "name": "github-loppers",
    "version": "1.0.0",
    "lockfileVersion": 1,
    "requires": true,
    "dependencies": {
        "ansi-escapes": {
            "version": "3.1.0",
            "resolved": "https://artifacts.netflix.com/api/npm/npm-netflix/ansi-escapes/-/ansi-escapes-3.1.0.tgz",
            "integrity": "sha1-9zIHu4EgfXX9bIPxJa8m7qN4yjA="
        },
        "ansi-regex": {
            "version": "3.0.0",
            "resolved": "https://artifacts.netflix.com/api/npm/npm-netflix/ansi-regex/-/ansi-regex-3.0.0.tgz",
            "integrity": "sha1-7QMXwyIGT3lGbAKWa922Bas32Zg="
        },
        "ansi-styles": {
            "version": "3.2.1",
            "resolved": "https://artifacts.netflix.com/api/npm/npm-netflix/ansi-styles/-/ansi-styles-3.2.1.tgz",
            "integrity": "sha1-QfuyAkPlCxK+DwS43tvwdSDOhB0=",
            "requires": {
                "color-convert": "1.9.2"
            }
        },
        "chalk": {
            "version": "2.4.1",
            "resolved": "https://artifacts.netflix.com/api/npm/npm-netflix/chalk/-/chalk-2.4.1.tgz",
            "integrity": "sha1-GMSasWoDe26wFSzIPjRxM4IVtm4=",
            "requires": {
                "ansi-styles": "3.2.1",
                "escape-string-regexp": "1.0.5",
                "supports-color": "5.5.0"
            }
        },
        "chardet": {
            "version": "0.5.0",
            "resolved": "https://artifacts.netflix.com/api/npm/npm-netflix/chardet/-/chardet-0.5.0.tgz",
            "integrity": "sha1-/jrHPADD2GX/zAKgaC4sILagYCk="
        },
        "cli-cursor": {
            "version": "2.1.0",
            "resolved": "https://artifacts.netflix.com/api/npm/npm-netflix/cli-cursor/-/cli-cursor-2.1.0.tgz",
            "integrity": "sha1-s12sN2R5+sw+lHR9QdDQ9SOP/LU=",
            "requires": {
                "restore-cursor": "2.0.0"
            }
        },
        "cli-width": {
            "version": "2.2.0",
            "resolved": "https://artifacts.netflix.com/api/npm/npm-netflix/cli-width/-/cli-width-2.2.0.tgz",
            "integrity": "sha1-/xnt6Kml5XkyQUewwR8PvLq+1jk="
        },
        "color-convert": {
            "version": "1.9.2",
            "resolved": "https://artifacts.netflix.com/api/npm/npm-netflix/color-convert/-/color-convert-1.9.2.tgz",
            "integrity": "sha1-SYgbj7pn3xKpa98/VsCqueeRMUc=",
            "requires": {
                "color-name": "1.1.1"
            }
        },
        "color-name": {
            "version": "1.1.1",
            "resolved": "https://artifacts.netflix.com/api/npm/npm-netflix/color-name/-/color-name-1.1.1.tgz",
            "integrity": "sha1-SxQVMEz1ACjqgWQ2Q72C6gWANok="
        },
        "debug": {
            "version": "3.1.0",
            "resolved": "https://artifacts.netflix.com/api/npm/npm-netflix/debug/-/debug-3.1.0.tgz",
            "integrity": "sha1-W7WgZyYotkFJVmuhaBnmFRjGcmE=",
            "requires": {
                "ms": "2.0.0"
            }
        },
        "escape-string-regexp": {
            "version": "1.0.5",
            "resolved": "https://artifacts.netflix.com/api/npm/npm-netflix/escape-string-regexp/-/escape-string-regexp-1.0.5.tgz",
            "integrity": "sha1-G2HAViGQqN/2rjuyzwIAyhMLhtQ="
        },
        "external-editor": {
            "version": "3.0.1",
            "resolved": "https://artifacts.netflix.com/api/npm/npm-netflix/external-editor/-/external-editor-3.0.1.tgz",
            "integrity": "sha1-/JY4xNfN5PC7grEjB6GiORLEkuM=",
            "requires": {
                "chardet": "0.5.0",
                "iconv-lite": "0.4.23",
                "tmp": "0.0.33"
            }
        },
        "figures": {
            "version": "2.0.0",
            "resolved": "https://artifacts.netflix.com/api/npm/npm-netflix/figures/-/figures-2.0.0.tgz",
            "integrity": "sha1-OrGi0qYsi/tDGgyUy3l6L84nyWI=",
            "requires": {
                "escape-string-regexp": "1.0.5"
            }
        },
        "has-flag": {
            "version": "3.0.0",
            "resolved": "https://artifacts.netflix.com/api/npm/npm-netflix/has-flag/-/has-flag-3.0.0.tgz",
            "integrity": "sha1-tdRU3CGZriJWmfNGfloH87lVuv0="
        },
        "iconv-lite": {
            "version": "0.4.23",
            "resolved": "https://artifacts.netflix.com/api/npm/npm-netflix/iconv-lite/-/iconv-lite-0.4.23.tgz",
            "integrity": "sha1-KXhx9jvlB63Pv8pxXQzQ7thOmmM=",
            "requires": {
                "safer-buffer": "2.1.2"
            }
        },
        "inquirer": {
            "version": "6.1.0",
            "resolved": "https://artifacts.netflix.com/api/npm/npm-netflix/inquirer/-/inquirer-6.1.0.tgz",
            "integrity": "sha1-j2XHsxxJgoX03fO3Qq2MSHiSBAs=",
            "requires": {
                "ansi-escapes": "3.1.0",
                "chalk": "2.4.1",
                "cli-cursor": "2.1.0",
                "cli-width": "2.2.0",
                "external-editor": "3.0.1",
                "figures": "2.0.0",
                "lodash": "4.17.10",
                "mute-stream": "0.0.7",
                "run-async": "2.3.0",
                "rxjs": "6.2.2",
                "string-width": "2.1.1",
                "strip-ansi": "4.0.0",
                "through": "2.3.8"
            }
        },
        "inquirer-autocomplete-prompt": {
            "version": "1.0.1",
            "resolved": "https://artifacts.netflix.com/api/npm/npm-netflix/inquirer-autocomplete-prompt/-/inquirer-autocomplete-prompt-1.0.1.tgz",
            "integrity": "sha1-5L6Yqecn6lFgk34z+HJOcEZOPE0=",
            "requires": {
                "ansi-escapes": "3.1.0",
                "chalk": "2.4.1",
                "figures": "2.0.0",
                "run-async": "2.3.0"
            }
        },
        "is-fullwidth-code-point": {
            "version": "2.0.0",
            "resolved": "https://artifacts.netflix.com/api/npm/npm-netflix/is-fullwidth-code-point/-/is-fullwidth-code-point-2.0.0.tgz",
            "integrity": "sha1-o7MKXE8ZkYMWeqq5O+764937ZU8="
        },
        "is-promise": {
            "version": "2.1.0",
            "resolved": "https://artifacts.netflix.com/api/npm/npm-netflix/is-promise/-/is-promise-2.1.0.tgz",
            "integrity": "sha1-eaKp7OfwlugPNtKy87wWwf9L8/o="
        },
        "lodash": {
            "version": "4.17.10",
            "resolved": "https://artifacts.netflix.com/api/npm/npm-netflix/lodash/-/lodash-4.17.10.tgz",
            "integrity": "sha1-G3eTz3JZ6jj7NmHU04syYK+K5Oc="
        },
        "mimic-fn": {
            "version": "1.2.0",
            "resolved": "https://artifacts.netflix.com/api/npm/npm-netflix/mimic-fn/-/mimic-fn-1.2.0.tgz",
            "integrity": "sha1-ggyGo5M0ZA6ZUWkovQP8qIBX0CI="
        },
        "ms": {
            "version": "2.0.0",
            "resolved": "https://artifacts.netflix.com/api/npm/npm-netflix/ms/-/ms-2.0.0.tgz",
            "integrity": "sha1-VgiurfwAvmwpAd9fmGF4jeDVl8g="
        },
        "mute-stream": {
            "version": "0.0.7",
            "resolved": "https://artifacts.netflix.com/api/npm/npm-netflix/mute-stream/-/mute-stream-0.0.7.tgz",
            "integrity": "sha1-MHXOk7whuPq0PhvE2n6BFe0ee6s="
        },
        "onetime": {
            "version": "2.0.1",
            "resolved": "https://artifacts.netflix.com/api/npm/npm-netflix/onetime/-/onetime-2.0.1.tgz",
            "integrity": "sha1-BnQoIw/WdEOyeUsiu6UotoZ5YtQ=",
            "requires": {
                "mimic-fn": "1.2.0"
            }
        },
        "os-tmpdir": {
            "version": "1.0.2",
            "resolved": "https://artifacts.netflix.com/api/npm/npm-netflix/os-tmpdir/-/os-tmpdir-1.0.2.tgz",
            "integrity": "sha1-u+Z0BseaqFxc/sdm/lc0VV36EnQ="
        },
        "restore-cursor": {
            "version": "2.0.0",
            "resolved": "https://artifacts.netflix.com/api/npm/npm-netflix/restore-cursor/-/restore-cursor-2.0.0.tgz",
            "integrity": "sha1-n37ih/gv0ybU/RYpI9YhKe7g368=",
            "requires": {
                "onetime": "2.0.1",
                "signal-exit": "3.0.2"
            }
        },
        "run-async": {
            "version": "2.3.0",
            "resolved": "https://artifacts.netflix.com/api/npm/npm-netflix/run-async/-/run-async-2.3.0.tgz",
            "integrity": "sha1-A3GrSuC91yDUFm19/aZP96RFpsA=",
            "requires": {
                "is-promise": "2.1.0"
            }
        },
        "rxjs": {
            "version": "6.2.2",
            "resolved": "https://artifacts.netflix.com/api/npm/npm-netflix/rxjs/-/rxjs-6.2.2.tgz",
            "integrity": "sha1-63X6PBhv9SiZB9Bkg6d4hFhuHPk=",
            "requires": {
                "tslib": "1.9.3"
            }
        },
        "safer-buffer": {
            "version": "2.1.2",
            "resolved": "https://artifacts.netflix.com/api/npm/npm-netflix/safer-buffer/-/safer-buffer-2.1.2.tgz",
            "integrity": "sha1-RPoWGwGHuVSd2Eu5GAL5vYOFzWo="
        },
        "signal-exit": {
            "version": "3.0.2",
            "resolved": "https://artifacts.netflix.com/api/npm/npm-netflix/signal-exit/-/signal-exit-3.0.2.tgz",
            "integrity": "sha1-tf3AjxKH6hF4Yo5BXiUTK3NkbG0="
        },
        "simple-git": {
            "version": "1.96.0",
            "resolved": "https://artifacts.netflix.com/api/npm/npm-netflix/simple-git/-/simple-git-1.96.0.tgz",
            "integrity": "sha1-0Cebdx7Ymi0efZ4V+avX8m4xnXw=",
            "requires": {
                "debug": "3.1.0"
            }
        },
        "string-width": {
            "version": "2.1.1",
            "resolved": "https://artifacts.netflix.com/api/npm/npm-netflix/string-width/-/string-width-2.1.1.tgz",
            "integrity": "sha1-q5Pyeo3BPSjKyBXEYhQ6bZASrp4=",
            "requires": {
                "is-fullwidth-code-point": "2.0.0",
                "strip-ansi": "4.0.0"
            }
        },
        "strip-ansi": {
            "version": "4.0.0",
            "resolved": "https://artifacts.netflix.com/api/npm/npm-netflix/strip-ansi/-/strip-ansi-4.0.0.tgz",
            "integrity": "sha1-qEeQIusaw2iocTibY1JixQXuNo8=",
            "requires": {
                "ansi-regex": "3.0.0"
            }
        },
        "supports-color": {
            "version": "5.5.0",
            "resolved": "https://artifacts.netflix.com/api/npm/npm-netflix/supports-color/-/supports-color-5.5.0.tgz",
            "integrity": "sha1-4uaaRKyHcveKHsCzW2id9lMO/I8=",
            "requires": {
                "has-flag": "3.0.0"
            }
        },
        "through": {
            "version": "2.3.8",
            "resolved": "https://artifacts.netflix.com/api/npm/npm-netflix/through/-/through-2.3.8.tgz",
            "integrity": "sha1-DdTJ/6q8NXlgsbckEV1+Doai4fU="
        },
        "tmp": {
            "version": "0.0.33",
            "resolved": "https://artifacts.netflix.com/api/npm/npm-netflix/tmp/-/tmp-0.0.33.tgz",
            "integrity": "sha1-bTQzWIl2jSGyvNoKonfO07G/rfk=",
            "requires": {
                "os-tmpdir": "1.0.2"
            }
        },
        "tslib": {
            "version": "1.9.3",
            "resolved": "https://artifacts.netflix.com/api/npm/npm-netflix/tslib/-/tslib-1.9.3.tgz",
            "integrity": "sha1-1+TdeSRdhUKMTX5IIqeZF5VMooY="
        }
    }
}
